
Microsoft Visual Studio Solution File, Format Version 12.00
# Visual Studio Version 16
VisualStudioVersion = 16.0.30225.117
MinimumVisualStudioVersion = 10.0.40219.1
Project("{8BC9CEB8-8B4A-11D0-8D11-00A0C91BC942}") = "dxd9-GUI", "dxd9-GUI-Cheats\dxd9-GUI-Cheats.vcxproj", "{83E28D06-AB1B-45C8-909C-F9FD442EBE1F}"
EndProject
Global
	GlobalSection(SolutionConfigurationPlatforms) = preSolution
		Debug|x64 = Debug|x64
		Debug|x86 = Debug|x86
		Release|x64 = Release|x64
		Release|x86 = Release|x86
	EndGlobalSection
	GlobalSection(ProjectConfigurationPlatforms) = postSolution
		{83E28D06-AB1B-45C8-909C-F9FD442EBE1F}.Debug|x64.ActiveCfg = Debug|x64
		{83E28D06-AB1B-45C8-909C-F9FD442EBE1F}.Debug|x64.Build.0 = Debug|x64
		{83E28D06-AB1B-45C8-909C-F9FD442EBE1F}.Debug|x86.ActiveCfg = Debug|Win32
		{83E28D06-AB1B-45C8-909C-F9FD442EBE1F}.Debug|x86.Build.0 = Debug|Win32
		{83E28D06-AB1B-45C8-909C-F9FD442EBE1F}.Release|x64.ActiveCfg = Release|x64
		{83E28D06-AB1B-45C8-909C-F9FD442EBE1F}.Release|x64.Build.0 = Release|x64
		{83E28D06-AB1B-45C8-909C-F9FD442EBE1F}.Release|x86.ActiveCfg = Release|Win32
		{83E28D06-AB1B-45C8-909C-F9FD442EBE1F}.Release|x86.Build.0 = Release|Win32
	EndGlobalSection
	GlobalSection(SolutionProperties) = preSolution
		HideSolutionNode = FALSE
	EndGlobalSection
	GlobalSection(ExtensibilityGlobals) = postSolution
		SolutionGuid = {364744D7-FA7F-401E-8E7B-FAA31E3B7739}
	EndGlobalSection
EndGlobal
